github.com/xgfone/go-atexit v0.10.0 h1:lFvHqY+4eoKG7qU2goyNF4gLusJfLRHv8muZcrnL/9c=
github.com/xgfone/go-atexit v0.10.0/go.mod h1:yN4Hf2wE06X4kJLL2qxBNKuJHTRdDRoifivfFoKdC8o=
github.com/xgfone/go-atomicvalue v0.2.0 h1:C/28ARO2Nsx1UymHfpxQRxwNwseSDlsgQgsM1VahV6U=
github.com/xgfone/go-atomicvalue v0.2.0/go.mod h1:fAKLVfK1snK0JKAFRsKhIhd220Cg9SSEuvOay6MXs88=
github.com/xgfone/go-binder v0.4.0 h1:LiNzpHgyXPkCtazXLgfmdJzSQgs73HsFY8GyNAC5IkA=
github.com/xgfone/go-binder v0.4.0/go.mod h1:KRCDO56tuYh4iDqb6gujjmBtzgl5RlYUrX41zLiqgL0=
github.com/xgfone/go-cast v0.8.0 h1:LEuxDOUUykxMRQF3pgx7NCRNdzwBrZNyfQH2Kmasfd4=
github.com/xgfone/go-cast v0.8.0/go.mod h1:aHO9rXhmN4IZ4d1UG35+6WEVbg5yyISynFQJCVltrsk=
github.com/xgfone/go-defaults v0.3.0 h1:l1UwwLRIWPMmOzZ4RNR7hALb6sY8zQxeaHwnkRvDMcI=
github.com/xgfone/go-defaults v0.3.0/go.mod h1:zwcnD8escc6E5QrCNKRLQddb4/hcUnUOM20kUeki18Y=
github.com/xgfone/go-generics v0.1.0 h1:Uw6cqXZJRAa49wvwLF6S+mnuBhFZcCCUSJaNYo0LmMI=
github.com/xgfone/go-generics v0.1.0/go.mod h1:8+Wd/5eVql1eKLRXbMuXi5Q3MZkRAFtiV05wAfVuvqU=
github.com/xgfone/go-structs v0.2.0 h1:Weq/TfH+9azlzUdtz9xwWFqxczD7R404G3k94G04Anw=
github.com/xgfone/go-structs v0.2.0/go.mod h1:/zjyb3pm/NtFUnwUetDWuBfhYUuxzUyBSV2Xy1tvwnY=
github.com/xgfone/go-validation v0.2.0 h1:Kj7i7k/piP2DvWMbm+ayeJV1HjvGf6tFAYgbADeCr6w=
github.com/xgfone/go-validation v0.2.0/go.mod h1:DTSy55z5YB+z/jPOK2irdvDpyMjW+DiLCgLYCnVT5LA=
github.com/xgfone/predicate v1.3.3 h1:eAlnN34a1Yw5u3aT427YmAj0ucpLfprx1Nnq+gKwLZ8=
github.com/xgfone/predicate v1.3.3/go.mod h1:YWL+KK1KRUpxFkQybVQlyONTkYdNI6IpBYOmx/kF4l0=
golang.org/x/exp v0.0.0-20230420155350-5d9e357047b1 h1:esPLYTcXPu8wpTcWCNGwSDTodgJwTTFNfeELKb4ewTg=
golang.org/x/exp v0.0.0-20230420155350-5d9e357047b1/go.mod h1:CxIveKay+FTh1D0yPZemJVgC/95VzuuOLq5Qi4xnoYc=
