github.com/xgfone/go-atexit v0.10.0 h1:lFvHqY+4eoKG7qU2goyNF4gLusJfLRHv8muZcrnL/9c=
github.com/xgfone/go-atexit v0.10.0/go.mod h1:yN4Hf2wE06X4kJLL2qxBNKuJHTRdDRoifivfFoKdC8o=
github.com/xgfone/go-binder v0.2.0 h1:oX7buhVAVeQdO5rC/AKxz7sm/75sO7Y8gvlyP06XLSQ=
github.com/xgfone/go-binder v0.2.0/go.mod h1:ipL8u87sMX+VET5QGbPc5FR7eC6AVFKKfyXCA77swvY=
github.com/xgfone/go-cast v0.8.0 h1:LEuxDOUUykxMRQF3pgx7NCRNdzwBrZNyfQH2Kmasfd4=
github.com/xgfone/go-cast v0.8.0/go.mod h1:aHO9rXhmN4IZ4d1UG35+6WEVbg5yyISynFQJCVltrsk=
github.com/xgfone/go-defaults v0.3.0 h1:l1UwwLRIWPMmOzZ4RNR7hALb6sY8zQxeaHwnkRvDMcI=
github.com/xgfone/go-defaults v0.3.0/go.mod h1:zwcnD8escc6E5QrCNKRLQddb4/hcUnUOM20kUeki18Y=
github.com/xgfone/go-generics v0.1.0 h1:Uw6cqXZJRAa49wvwLF6S+mnuBhFZcCCUSJaNYo0LmMI=
github.com/xgfone/go-generics v0.1.0/go.mod h1:8+Wd/5eVql1eKLRXbMuXi5Q3MZkRAFtiV05wAfVuvqU=
github.com/xgfone/go-structs v0.1.0 h1:xsHyQHzroBnFZYLKSwoSDF/7Ghr5a/XqTOTIwCHjhZ4=
github.com/xgfone/go-structs v0.1.0/go.mod h1:4W5xaQ/HEgGkb+HCQjdRYIg/zzQymJr2WXYQpb/O+pE=
github.com/xgfone/predicate v1.3.2 h1:6jJf13CxW8Ft58pFh7FYmVcvsR0Pe+0dYyoBMOjNFxY=
github.com/xgfone/predicate v1.3.2/go.mod h1:YWL+KK1KRUpxFkQybVQlyONTkYdNI6IpBYOmx/kF4l0=
golang.org/x/exp v0.0.0-20230321023759-10a507213a29 h1:ooxPy7fPvB4kwsA2h+iBNHkAbp/4JxTSwCmvdjEYmug=
golang.org/x/exp v0.0.0-20230321023759-10a507213a29/go.mod h1:CxIveKay+FTh1D0yPZemJVgC/95VzuuOLq5Qi4xnoYc=
