github.com/xgfone/go-binder v0.8.2 h1:jC1+soqjSbc2LbH/lWDgNVNydoVVM5BAl7yhCehf1Sg=
github.com/xgfone/go-binder v0.8.2/go.mod h1:Xm5syFdfumRuyyJnOkNj6l3qqzPhHf2r1R3jBB5zAf0=
github.com/xgfone/go-defaults v0.20.1 h1:+N9qhs1fyRPjFPMq6T/sIMEImppgHtLGwTBhgRr95EQ=
github.com/xgfone/go-defaults v0.20.1/go.mod h1:SzveZrRRA1Lr5sw9YOwCbsl6ifT5SYculKUbjbpNm+E=
github.com/xgfone/go-http-matcher v0.2.0 h1:PJ0MKKfwJyX0WzrgVL6n3OrErZcNIIX2a9A16eF7enU=
github.com/xgfone/go-http-matcher v0.2.0/go.mod h1:fyihMHUrUF1Oq+FVktlF0k+CQo0FtitsmE7aGtpuyCM=
github.com/xgfone/go-structs v0.3.1 h1:kp9jTvxkncvEa4cZwb/HNcrp/0b/6oD/IV3RHe7nBgE=
github.com/xgfone/go-structs v0.3.1/go.mod h1:NZ6sUp5b31F5gehN2qtFOxuol3BItCKSCbpo0GYnuSQ=
github.com/xgfone/go-toolkit v0.3.0 h1:siEHAiK0pkAMkkQ/LnGrXHrCE7c1ncSyfe2s8u9qPUc=
github.com/xgfone/go-toolkit v0.3.0/go.mod h1:eOWnIK/acAJOoqEOtWnvuY0Pbn6cZ0DP/Oeoyn17QHw=
github.com/xgfone/go-validation v0.3.0 h1:GJFZDX/zEq9tmLzjN6x2mpDWhMugwjhruNbpOyo9qfc=
github.com/xgfone/go-validation v0.3.0/go.mod h1:oK9zWEMZ1F/miU9uhCW4TEvszTvc0IUxQT9MKHp0paA=
github.com/xgfone/predicate v1.3.3 h1:eAlnN34a1Yw5u3aT427YmAj0ucpLfprx1Nnq+gKwLZ8=
github.com/xgfone/predicate v1.3.3/go.mod h1:YWL+KK1KRUpxFkQybVQlyONTkYdNI6IpBYOmx/kF4l0=
